
Microsoft Visual Studio Solution File, Format Version 12.00
# Visual Studio Version 17
VisualStudioVersion = 17.10.34916.146
MinimumVisualStudioVersion = 10.0.40219.1
Project("{FAE04EC0-301F-11D3-BF4B-00C04F79EFBC}") = "Text To Speech", "Text To Speech\Text To Speech.csproj", "{E1C902A4-0244-41EE-9280-B11AD445425E}"
EndProject
Global
	GlobalSection(SolutionConfigurationPlatforms) = preSolution
		Debug|Any CPU = Debug|Any CPU
		Release|Any CPU = Release|Any CPU
	EndGlobalSection
	GlobalSection(ProjectConfigurationPlatforms) = postSolution
		{E1C902A4-0244-41EE-9280-B11AD445425E}.Debug|Any CPU.ActiveCfg = Debug|Any CPU
		{E1C902A4-0244-41EE-9280-B11AD445425E}.Debug|Any CPU.Build.0 = Debug|Any CPU
		{E1C902A4-0244-41EE-9280-B11AD445425E}.Release|Any CPU.ActiveCfg = Release|Any CPU
		{E1C902A4-0244-41EE-9280-B11AD445425E}.Release|Any CPU.Build.0 = Release|Any CPU
	EndGlobalSection
	GlobalSection(SolutionProperties) = preSolution
		HideSolutionNode = FALSE
	EndGlobalSection
	GlobalSection(ExtensibilityGlobals) = postSolution
		SolutionGuid = {A5A2D65C-112E-4302-8394-5AAEC3DDCAD3}
	EndGlobalSection
EndGlobal
